
Microsoft Visual Studio Solution File, Format Version 12.00
# Visual Studio Version 17
VisualStudioVersion = 17.13.35806.99 d17.13
MinimumVisualStudioVersion = 10.0.40219.1
Project("{FAE04EC0-301F-11D3-BF4B-00C04F79EFBC}") = "ListaAlumnos", "ListaAlumnos\ListaAlumnos.csproj", "{DB43C987-5073-4E78-8FCC-DFDAA7D9CD00}"
EndProject
Global
	GlobalSection(SolutionConfigurationPlatforms) = preSolution
		Debug|Any CPU = Debug|Any CPU
		Release|Any CPU = Release|Any CPU
	EndGlobalSection
	GlobalSection(ProjectConfigurationPlatforms) = postSolution
		{DB43C987-5073-4E78-8FCC-DFDAA7D9CD00}.Debug|Any CPU.ActiveCfg = Debug|Any CPU
		{DB43C987-5073-4E78-8FCC-DFDAA7D9CD00}.Debug|Any CPU.Build.0 = Debug|Any CPU
		{DB43C987-5073-4E78-8FCC-DFDAA7D9CD00}.Release|Any CPU.ActiveCfg = Release|Any CPU
		{DB43C987-5073-4E78-8FCC-DFDAA7D9CD00}.Release|Any CPU.Build.0 = Release|Any CPU
	EndGlobalSection
	GlobalSection(SolutionProperties) = preSolution
		HideSolutionNode = FALSE
	EndGlobalSection
	GlobalSection(ExtensibilityGlobals) = postSolution
		SolutionGuid = {0E645AC0-2441-4E67-90DF-A2B33BEA24E2}
	EndGlobalSection
EndGlobal
